
Microsoft Visual Studio Solution File, Format Version 12.00
# Visual Studio 15
VisualStudioVersion = 15.0.28010.2016
MinimumVisualStudioVersion = 10.0.40219.1
Project("{9A19103F-16F7-4668-BE54-9A1E7A4F7556}") = "BinaryConverter", "BinaryConverter\BinaryConverter.csproj", "{117C629B-F120-42A9-81D5-958C16817642}"
EndProject
Project("{9A19103F-16F7-4668-BE54-9A1E7A4F7556}") = "BinaryConverter.TestConsole", "BinaryConverter.TestConsole\BinaryConverter.TestConsole.csproj", "{C8567EC8-DE35-4F8D-8C1F-8E6E8F59B8D1}"
EndProject
Project("{FAE04EC0-301F-11D3-BF4B-00C04F79EFBC}") = "BinaryConverter.Tests", "BinaryConverter.Tests\BinaryConverter.Tests.csproj", "{073B5927-8E57-46B0-929D-EDC25F9DE0CD}"
EndProject
Global
	GlobalSection(SolutionConfigurationPlatforms) = preSolution
		Debug|Any CPU = Debug|Any CPU
		Release|Any CPU = Release|Any CPU
	EndGlobalSection
	GlobalSection(ProjectConfigurationPlatforms) = postSolution
		{117C629B-F120-42A9-81D5-958C16817642}.Debug|Any CPU.ActiveCfg = Debug|Any CPU
		{117C629B-F120-42A9-81D5-958C16817642}.Debug|Any CPU.Build.0 = Debug|Any CPU
		{117C629B-F120-42A9-81D5-958C16817642}.Release|Any CPU.ActiveCfg = Release|Any CPU
		{117C629B-F120-42A9-81D5-958C16817642}.Release|Any CPU.Build.0 = Release|Any CPU
		{C8567EC8-DE35-4F8D-8C1F-8E6E8F59B8D1}.Debug|Any CPU.ActiveCfg = Debug|Any CPU
		{C8567EC8-DE35-4F8D-8C1F-8E6E8F59B8D1}.Debug|Any CPU.Build.0 = Debug|Any CPU
		{C8567EC8-DE35-4F8D-8C1F-8E6E8F59B8D1}.Release|Any CPU.ActiveCfg = Release|Any CPU
		{C8567EC8-DE35-4F8D-8C1F-8E6E8F59B8D1}.Release|Any CPU.Build.0 = Release|Any CPU
		{073B5927-8E57-46B0-929D-EDC25F9DE0CD}.Debug|Any CPU.ActiveCfg = Debug|Any CPU
		{073B5927-8E57-46B0-929D-EDC25F9DE0CD}.Debug|Any CPU.Build.0 = Debug|Any CPU
		{073B5927-8E57-46B0-929D-EDC25F9DE0CD}.Release|Any CPU.ActiveCfg = Release|Any CPU
		{073B5927-8E57-46B0-929D-EDC25F9DE0CD}.Release|Any CPU.Build.0 = Release|Any CPU
	EndGlobalSection
	GlobalSection(SolutionProperties) = preSolution
		HideSolutionNode = FALSE
	EndGlobalSection
	GlobalSection(ExtensibilityGlobals) = postSolution
		SolutionGuid = {6AA2B003-3137-4FD1-81E9-B4AEE81A20BD}
	EndGlobalSection
EndGlobal
